// !$*UTF8*$!
{
	archiveVersion = 1;
	classes = {
	};
	objectVersion = 56;
	objects = {

/* Begin PBXBuildFile section */
		250F62EE29E071B2009E5CA5 /* TimegptApp.swift in Sources */ = {isa = PBXBuildFile; fileRef = 25D81FBA29DEA732004B4A85 /* TimegptApp.swift */; };
		250F62EF29E071B6009E5CA5 /* ContentView.swift in Sources */ = {isa = PBXBuildFile; fileRef = 25D81FBC29DEA732004B4A85 /* ContentView.swift */; };
		25D81FBF29DEA733004B4A85 /* Assets.xcassets in Resources */ = {isa = PBXBuildFile; fileRef = 25D81FBE29DEA733004B4A85 /* Assets.xcassets */; };
		25D81FC229DEA733004B4A85 /* Preview Assets.xcassets in Resources */ = {isa = PBXBuildFile; fileRef = 25D81FC129DEA733004B4A85 /* Preview Assets.xcassets */; };
		25D81FCD29DEA733004B4A85 /* TimegptTests.swift in Sources */ = {isa = PBXBuildFile; fileRef = 25D81FCC29DEA733004B4A85 /* TimegptTests.swift */; };
		25D81FD729DEA734004B4A85 /* TimegptUITests.swift in Sources */ = {isa = PBXBuildFile; fileRef = 25D81FD629DEA734004B4A85 /* TimegptUITests.swift */; };
		25D81FD929DEA734004B4A85 /* TimegptUITestsLaunchTests.swift in Sources */ = {isa = PBXBuildFile; fileRef = 25D81FD829DEA734004B4A85 /* TimegptUITestsLaunchTests.swift */; };
		25D81FE629DEA865004B4A85 /* StatisticsView.swift in Sources */ = {isa = PBXBuildFile; fileRef = 25D81FE529DEA865004B4A85 /* StatisticsView.swift */; };
		25D81FE829DF33E6004B4A85 /* RatingView.swift in Sources */ = {isa = PBXBuildFile; fileRef = 25D81FE729DF33E6004B4A85 /* RatingView.swift */; };
/* End PBXBuildFile section */

/* Begin PBXContainerItemProxy section */
		25D81FC929DEA733004B4A85 /* PBXContainerItemProxy */ = {
			isa = PBXContainerItemProxy;
			containerPortal = 25D81FAF29DEA732004B4A85 /* Project object */;
			proxyType = 1;
			remoteGlobalIDString = 25D81FB629DEA732004B4A85;
			remoteInfo = Timegpt;
		};
		25D81FD329DEA734004B4A85 /* PBXContainerItemProxy */ = {
			isa = PBXContainerItemProxy;
			containerPortal = 25D81FAF29DEA732004B4A85 /* Project object */;
			proxyType = 1;
			remoteGlobalIDString = 25D81FB629DEA732004B4A85;
			remoteInfo = Timegpt;
		};
/* End PBXContainerItemProxy section */

/* Begin PBXFileReference section */
		25D81FB729DEA732004B4A85 /* Timegpt.app */ = {isa = PBXFileReference; explicitFileType = wrapper.application; includeInIndex = 0; path = Timegpt.app; sourceTree = BUILT_PRODUCTS_DIR; };
		25D81FBA29DEA732004B4A85 /* TimegptApp.swift */ = {isa = PBXFileReference; lastKnownFileType = sourcecode.swift; path = TimegptApp.swift; sourceTree = "<group>"; };
		25D81FBC29DEA732004B4A85 /* ContentView.swift */ = {isa = PBXFileReference; lastKnownFileType = sourcecode.swift; path = ContentView.swift; sourceTree = "<group>"; };
		25D81FBE29DEA733004B4A85 /* Assets.xcassets */ = {isa = PBXFileReference; lastKnownFileType = folder.assetcatalog; path = Assets.xcassets; sourceTree = "<group>"; };
		25D81FC129DEA733004B4A85 /* Preview Assets.xcassets */ = {isa = PBXFileReference; lastKnownFileType = folder.assetcatalog; path = "Preview Assets.xcassets"; sourceTree = "<group>"; };
		25D81FC329DEA733004B4A85 /* Timegpt.entitlements */ = {isa = PBXFileReference; lastKnownFileType = text.plist.entitlements; path = Timegpt.entitlements; sourceTree = "<group>"; };
		25D81FC829DEA733004B4A85 /* TimegptTests.xctest */ = {isa = PBXFileReference; explicitFileType = wrapper.cfbundle; includeInIndex = 0; path = TimegptTests.xctest; sourceTree = BUILT_PRODUCTS_DIR; };
		25D81FCC29DEA733004B4A85 /* TimegptTests.swift */ = {isa = PBXFileReference; lastKnownFileType = sourcecode.swift; path = TimegptTests.swift; sourceTree = "<group>"; };
		25D81FD229DEA734004B4A85 /* TimegptUITests.xctest */ = {isa = PBXFileReference; explicitFileType = wrapper.cfbundle; includeInIndex = 0; path = TimegptUITests.xctest; sourceTree = BUILT_PRODUCTS_DIR; };
		25D81FD629DEA734004B4A85 /* TimegptUITests.swift */ = {isa = PBXFileReference; lastKnownFileType = sourcecode.swift; path = TimegptUITests.swift; sourceTree = "<group>"; };
		25D81FD829DEA734004B4A85 /* TimegptUITestsLaunchTests.swift */ = {isa = PBXFileReference; lastKnownFileType = sourcecode.swift; path = TimegptUITestsLaunchTests.swift; sourceTree = "<group>"; };
		25D81FE529DEA865004B4A85 /* StatisticsView.swift */ = {isa = PBXFileReference; lastKnownFileType = sourcecode.swift; path = StatisticsView.swift; sourceTree = "<group>"; };
		25D81FE729DF33E6004B4A85 /* RatingView.swift */ = {isa = PBXFileReference; lastKnownFileType = sourcecode.swift; path = RatingView.swift; sourceTree = "<group>"; };
/* End PBXFileReference section */

/* Begin PBXFrameworksBuildPhase section */
		25D81FB429DEA732004B4A85 /* Frameworks */ = {
			isa = PBXFrameworksBuildPhase;
			buildActionMask = 2147483647;
			files = (
			);
			runOnlyForDeploymentPostprocessing = 0;
		};
		25D81FC529DEA733004B4A85 /* Frameworks */ = {
			isa = PBXFrameworksBuildPhase;
			buildActionMask = 2147483647;
			files = (
			);
			runOnlyForDeploymentPostprocessing = 0;
		};
		25D81FCF29DEA734004B4A85 /* Frameworks */ = {
			isa = PBXFrameworksBuildPhase;
			buildActionMask = 2147483647;
			files = (
			);
			runOnlyForDeploymentPostprocessing = 0;
		};
/* End PBXFrameworksBuildPhase section */

/* Begin PBXGroup section */
		25D81FAE29DEA732004B4A85 = {
			isa = PBXGroup;
			children = (
				25D81FB929DEA732004B4A85 /* Timegpt */,
				25D81FCB29DEA733004B4A85 /* TimegptTests */,
				25D81FD529DEA734004B4A85 /* TimegptUITests */,
				25D81FB829DEA732004B4A85 /* Products */,
			);
			sourceTree = "<group>";
		};
		25D81FB829DEA732004B4A85 /* Products */ = {
			isa = PBXGroup;
			children = (
				25D81FB729DEA732004B4A85 /* Timegpt.app */,
				25D81FC829DEA733004B4A85 /* TimegptTests.xctest */,
				25D81FD229DEA734004B4A85 /* TimegptUITests.xctest */,
			);
			name = Products;
			sourceTree = "<group>";
		};
		25D81FB929DEA732004B4A85 /* Timegpt */ = {
			isa = PBXGroup;
			children = (
				25D81FBA29DEA732004B4A85 /* TimegptApp.swift */,
				25D81FBC29DEA732004B4A85 /* ContentView.swift */,
				25D81FE729DF33E6004B4A85 /* RatingView.swift */,
				25D81FE529DEA865004B4A85 /* StatisticsView.swift */,
				25D81FBE29DEA733004B4A85 /* Assets.xcassets */,
				25D81FC329DEA733004B4A85 /* Timegpt.entitlements */,
				25D81FC029DEA733004B4A85 /* Preview Content */,
			);
			path = Timegpt;
			sourceTree = "<group>";
		};
		25D81FC029DEA733004B4A85 /* Preview Content */ = {
			isa = PBXGroup;
			children = (
				25D81FC129DEA733004B4A85 /* Preview Assets.xcassets */,
			);
			path = "Preview Content";
			sourceTree = "<group>";
		};
		25D81FCB29DEA733004B4A85 /* TimegptTests */ = {
			isa = PBXGroup;
			children = (
				25D81FCC29DEA733004B4A85 /* TimegptTests.swift */,
			);
			path = TimegptTests;
			sourceTree = "<group>";
		};
		25D81FD529DEA734004B4A85 /* TimegptUITests */ = {
			isa = PBXGroup;
			children = (
				25D81FD629DEA734004B4A85 /* TimegptUITests.swift */,
				25D81FD829DEA734004B4A85 /* TimegptUITestsLaunchTests.swift */,
			);
			path = TimegptUITests;
			sourceTree = "<group>";
		};
/* End PBXGroup section */

/* Begin PBXNativeTarget section */
		25D81FB629DEA732004B4A85 /* Timegpt */ = {
			isa = PBXNativeTarget;
			buildConfigurationList = 25D81FDC29DEA734004B4A85 /* Build configuration list for PBXNativeTarget "Timegpt" */;
			buildPhases = (
				25D81FB329DEA732004B4A85 /* Sources */,
				25D81FB429DEA732004B4A85 /* Frameworks */,
				25D81FB529DEA732004B4A85 /* Resources */,
			);
			buildRules = (
			);
			dependencies = (
			);
			name = Timegpt;
			productName = Timegpt;
			productReference = 25D81FB729DEA732004B4A85 /* Timegpt.app */;
			productType = "com.apple.product-type.application";
		};
		25D81FC729DEA733004B4A85 /* TimegptTests */ = {
			isa = PBXNativeTarget;
			buildConfigurationList = 25D81FDF29DEA734004B4A85 /* Build configuration list for PBXNativeTarget "TimegptTests" */;
			buildPhases = (
				25D81FC429DEA733004B4A85 /* Sources */,
				25D81FC529DEA733004B4A85 /* Frameworks */,
				25D81FC629DEA733004B4A85 /* Resources */,
			);
			buildRules = (
			);
			dependencies = (
				25D81FCA29DEA733004B4A85 /* PBXTargetDependency */,
			);
			name = TimegptTests;
			productName = TimegptTests;
			productReference = 25D81FC829DEA733004B4A85 /* TimegptTests.xctest */;
			productType = "com.apple.product-type.bundle.unit-test";
		};
		25D81FD129DEA734004B4A85 /* TimegptUITests */ = {
			isa = PBXNativeTarget;
			buildConfigurationList = 25D81FE229DEA734004B4A85 /* Build configuration list for PBXNativeTarget "TimegptUITests" */;
			buildPhases = (
				25D81FCE29DEA734004B4A85 /* Sources */,
				25D81FCF29DEA734004B4A85 /* Frameworks */,
				25D81FD029DEA734004B4A85 /* Resources */,
			);
			buildRules = (
			);
			dependencies = (
				25D81FD429DEA734004B4A85 /* PBXTargetDependency */,
			);
			name = TimegptUITests;
			productName = TimegptUITests;
			productReference = 25D81FD229DEA734004B4A85 /* TimegptUITests.xctest */;
			productType = "com.apple.product-type.bundle.ui-testing";
		};
/* End PBXNativeTarget section */

/* Begin PBXProject section */
		25D81FAF29DEA732004B4A85 /* Project object */ = {
			isa = PBXProject;
			attributes = {
				BuildIndependentTargetsInParallel = 1;
				LastSwiftUpdateCheck = 1430;
				LastUpgradeCheck = 1430;
				TargetAttributes = {
					25D81FB629DEA732004B4A85 = {
						CreatedOnToolsVersion = 14.3;
					};
					25D81FC729DEA733004B4A85 = {
						CreatedOnToolsVersion = 14.3;
						TestTargetID = 25D81FB629DEA732004B4A85;
					};
					25D81FD129DEA734004B4A85 = {
						CreatedOnToolsVersion = 14.3;
						TestTargetID = 25D81FB629DEA732004B4A85;
					};
				};
			};
			buildConfigurationList = 25D81FB229DEA732004B4A85 /* Build configuration list for PBXProject "Timegpt" */;
			compatibilityVersion = "Xcode 14.0";
			developmentRegion = en;
			hasScannedForEncodings = 0;
			knownRegions = (
				en,
				Base,
			);
			mainGroup = 25D81FAE29DEA732004B4A85;
			productRefGroup = 25D81FB829DEA732004B4A85 /* Products */;
			projectDirPath = "";
			projectRoot = "";
			targets = (
				25D81FB629DEA732004B4A85 /* Timegpt */,
				25D81FC729DEA733004B4A85 /* TimegptTests */,
				25D81FD129DEA734004B4A85 /* TimegptUITests */,
			);
		};
/* End PBXProject section */

/* Begin PBXResourcesBuildPhase section */
		25D81FB529DEA732004B4A85 /* Resources */ = {
			isa = PBXResourcesBuildPhase;
			buildActionMask = 2147483647;
			files = (
				25D81FC229DEA733004B4A85 /* Preview Assets.xcassets in Resources */,
				25D81FBF29DEA733004B4A85 /* Assets.xcassets in Resources */,
			);
			runOnlyForDeploymentPostprocessing = 0;
		};
		25D81FC629DEA733004B4A85 /* Resources */ = {
			isa = PBXResourcesBuildPhase;
			buildActionMask = 2147483647;
			files = (
			);
			runOnlyForDeploymentPostprocessing = 0;
		};
		25D81FD029DEA734004B4A85 /* Resources */ = {
			isa = PBXResourcesBuildPhase;
			buildActionMask = 2147483647;
			files = (
			);
			runOnlyForDeploymentPostprocessing = 0;
		};
/* End PBXResourcesBuildPhase section */

/* Begin PBXSourcesBuildPhase section */
		25D81FB329DEA732004B4A85 /* Sources */ = {
			isa = PBXSourcesBuildPhase;
			buildActionMask = 2147483647;
			files = (
				25D81FE629DEA865004B4A85 /* StatisticsView.swift in Sources */,
				250F62EE29E071B2009E5CA5 /* TimegptApp.swift in Sources */,
				250F62EF29E071B6009E5CA5 /* ContentView.swift in Sources */,
				25D81FE829DF33E6004B4A85 /* RatingView.swift in Sources */,
			);
			runOnlyForDeploymentPostprocessing = 0;
		};
		25D81FC429DEA733004B4A85 /* Sources */ = {
			isa = PBXSourcesBuildPhase;
			buildActionMask = 2147483647;
			files = (
				25D81FCD29DEA733004B4A85 /* TimegptTests.swift in Sources */,
			);
			runOnlyForDeploymentPostprocessing = 0;
		};
		25D81FCE29DEA734004B4A85 /* Sources */ = {
			isa = PBXSourcesBuildPhase;
			buildActionMask = 2147483647;
			files = (
				25D81FD729DEA734004B4A85 /* TimegptUITests.swift in Sources */,
				25D81FD929DEA734004B4A85 /* TimegptUITestsLaunchTests.swift in Sources */,
			);
			runOnlyForDeploymentPostprocessing = 0;
		};
/* End PBXSourcesBuildPhase section */

/* Begin PBXTargetDependency section */
		25D81FCA29DEA733004B4A85 /* PBXTargetDependency */ = {
			isa = PBXTargetDependency;
			target = 25D81FB629DEA732004B4A85 /* Timegpt */;
			targetProxy = 25D81FC929DEA733004B4A85 /* PBXContainerItemProxy */;
		};
		25D81FD429DEA734004B4A85 /* PBXTargetDependency */ = {
			isa = PBXTargetDependency;
			target = 25D81FB629DEA732004B4A85 /* Timegpt */;
			targetProxy = 25D81FD329DEA734004B4A85 /* PBXContainerItemProxy */;
		};
/* End PBXTargetDependency section */

/* Begin XCBuildConfiguration section */
		25D81FDA29DEA734004B4A85 /* Debug */ = {
			isa = XCBuildConfiguration;
			buildSettings = {
				ALWAYS_SEARCH_USER_PATHS = NO;
				CLANG_ANALYZER_NONNULL = YES;
				CLANG_ANALYZER_NUMBER_OBJECT_CONVERSION = YES_AGGRESSIVE;
				CLANG_CXX_LANGUAGE_STANDARD = "gnu++20";
				CLANG_ENABLE_MODULES = YES;
				CLANG_ENABLE_OBJC_ARC = YES;
				CLANG_ENABLE_OBJC_WEAK = YES;
				CLANG_WARN_BLOCK_CAPTURE_AUTORELEASING = YES;
				CLANG_WARN_BOOL_CONVERSION = YES;
				CLANG_WARN_COMMA = YES;
				CLANG_WARN_CONSTANT_CONVERSION = YES;
				CLANG_WARN_DEPRECATED_OBJC_IMPLEMENTATIONS = YES;
				CLANG_WARN_DIRECT_OBJC_ISA_USAGE = YES_ERROR;
				CLANG_WARN_DOCUMENTATION_COMMENTS = YES;
				CLANG_WARN_EMPTY_BODY = YES;
				CLANG_WARN_ENUM_CONVERSION = YES;
				CLANG_WARN_INFINITE_RECURSION = YES;
				CLANG_WARN_INT_CONVERSION = YES;
				CLANG_WARN_NON_LITERAL_NULL_CONVERSION = YES;
				CLANG_WARN_OBJC_IMPLICIT_RETAIN_SELF = YES;
				CLANG_WARN_OBJC_LITERAL_CONVERSION = YES;
				CLANG_WARN_OBJC_ROOT_CLASS = YES_ERROR;
				CLANG_WARN_QUOTED_INCLUDE_IN_FRAMEWORK_HEADER = YES;
				CLANG_WARN_RANGE_LOOP_ANALYSIS = YES;
				CLANG_WARN_STRICT_PROTOTYPES = YES;
				CLANG_WARN_SUSPICIOUS_MOVE = YES;
				CLANG_WARN_UNGUARDED_AVAILABILITY = YES_AGGRESSIVE;
				CLANG_WARN_UNREACHABLE_CODE = YES;
				CLANG_WARN__DUPLICATE_METHOD_MATCH = YES;
				COPY_PHASE_STRIP = NO;
				DEBUG_INFORMATION_FORMAT = dwarf;
				ENABLE_STRICT_OBJC_MSGSEND = YES;
				ENABLE_TESTABILITY = YES;
				GCC_C_LANGUAGE_STANDARD = gnu11;
				GCC_DYNAMIC_NO_PIC = NO;
				GCC_NO_COMMON_BLOCKS = YES;
				GCC_OPTIMIZATION_LEVEL = 0;
				GCC_PREPROCESSOR_DEFINITIONS = (
					"DEBUG=1",
					"$(inherited)",
				);
				GCC_WARN_64_TO_32_BIT_CONVERSION = YES;
				GCC_WARN_ABOUT_RETURN_TYPE = YES_ERROR;
				GCC_WARN_UNDECLARED_SELECTOR = YES;
				GCC_WARN_UNINITIALIZED_AUTOS = YES_AGGRESSIVE;
				GCC_WARN_UNUSED_FUNCTION = YES;
				GCC_WARN_UNUSED_VARIABLE = YES;
				MACOSX_DEPLOYMENT_TARGET = 13.3;
				MTL_ENABLE_DEBUG_INFO = INCLUDE_SOURCE;
				MTL_FAST_MATH = YES;
				ONLY_ACTIVE_ARCH = YES;
				SDKROOT = macosx;
				SWIFT_ACTIVE_COMPILATION_CONDITIONS = DEBUG;
				SWIFT_OPTIMIZATION_LEVEL = "-Onone";
			};
			name = Debug;
		};
		25D81FDB29DEA734004B4A85 /* Release */ = {
			isa = XCBuildConfiguration;
			buildSettings = {
				ALWAYS_SEARCH_USER_PATHS = NO;
				CLANG_ANALYZER_NONNULL = YES;
				CLANG_ANALYZER_NUMBER_OBJECT_CONVERSION = YES_AGGRESSIVE;
				CLANG_CXX_LANGUAGE_STANDARD = "gnu++20";
				CLANG_ENABLE_MODULES = YES;
				CLANG_ENABLE_OBJC_ARC = YES;
				CLANG_ENABLE_OBJC_WEAK = YES;
				CLANG_WARN_BLOCK_CAPTURE_AUTORELEASING = YES;
				CLANG_WARN_BOOL_CONVERSION = YES;
				CLANG_WARN_COMMA = YES;
				CLANG_WARN_CONSTANT_CONVERSION = YES;
				CLANG_WARN_DEPRECATED_OBJC_IMPLEMENTATIONS = YES;
				CLANG_WARN_DIRECT_OBJC_ISA_USAGE = YES_ERROR;
				CLANG_WARN_DOCUMENTATION_COMMENTS = YES;
				CLANG_WARN_EMPTY_BODY = YES;
				CLANG_WARN_ENUM_CONVERSION = YES;
				CLANG_WARN_INFINITE_RECURSION = YES;
				CLANG_WARN_INT_CONVERSION = YES;
				CLANG_WARN_NON_LITERAL_NULL_CONVERSION = YES;
				CLANG_WARN_OBJC_IMPLICIT_RETAIN_SELF = YES;
				CLANG_WARN_OBJC_LITERAL_CONVERSION = YES;
				CLANG_WARN_OBJC_ROOT_CLASS = YES_ERROR;
				CLANG_WARN_QUOTED_INCLUDE_IN_FRAMEWORK_HEADER = YES;
				CLANG_WARN_RANGE_LOOP_ANALYSIS = YES;
				CLANG_WARN_STRICT_PROTOTYPES = YES;
				CLANG_WARN_SUSPICIOUS_MOVE = YES;
				CLANG_WARN_UNGUARDED_AVAILABILITY = YES_AGGRESSIVE;
				CLANG_WARN_UNREACHABLE_CODE = YES;
				CLANG_WARN__DUPLICATE_METHOD_MATCH = YES;
				COPY_PHASE_STRIP = NO;
				DEBUG_INFORMATION_FORMAT = "dwarf-with-dsym";
				ENABLE_NS_ASSERTIONS = NO;
				ENABLE_STRICT_OBJC_MSGSEND = YES;
				GCC_C_LANGUAGE_STANDARD = gnu11;
				GCC_NO_COMMON_BLOCKS = YES;
				GCC_WARN_64_TO_32_BIT_CONVERSION = YES;
				GCC_WARN_ABOUT_RETURN_TYPE = YES_ERROR;
				GCC_WARN_UNDECLARED_SELECTOR = YES;
				GCC_WARN_UNINITIALIZED_AUTOS = YES_AGGRESSIVE;
				GCC_WARN_UNUSED_FUNCTION = YES;
				GCC_WARN_UNUSED_VARIABLE = YES;
				MACOSX_DEPLOYMENT_TARGET = 13.3;
				MTL_ENABLE_DEBUG_INFO = NO;
				MTL_FAST_MATH = YES;
				SDKROOT = macosx;
				SWIFT_COMPILATION_MODE = wholemodule;
				SWIFT_OPTIMIZATION_LEVEL = "-O";
			};
			name = Release;
		};
		25D81FDD29DEA734004B4A85 /* Debug */ = {
			isa = XCBuildConfiguration;
			buildSettings = {
				ASSETCATALOG_COMPILER_APPICON_NAME = AppIcon;
				ASSETCATALOG_COMPILER_GLOBAL_ACCENT_COLOR_NAME = AccentColor;
				CODE_SIGN_ENTITLEMENTS = Timegpt/Timegpt.entitlements;
				CODE_SIGN_STYLE = Automatic;
				COMBINE_HIDPI_IMAGES = YES;
				CURRENT_PROJECT_VERSION = 1;
				DEVELOPMENT_ASSET_PATHS = "\"Timegpt/Preview Content\"";
				DEVELOPMENT_TEAM = VR93MC823A;
				ENABLE_HARDENED_RUNTIME = YES;
				ENABLE_PREVIEWS = YES;
				GENERATE_INFOPLIST_FILE = YES;
				INFOPLIST_KEY_LSApplicationCategoryType = "public.app-category.utilities";
				INFOPLIST_KEY_NSHumanReadableCopyright = "";
				LD_RUNPATH_SEARCH_PATHS = (
					"$(inherited)",
					"@executable_path/../Frameworks",
				);
				MARKETING_VERSION = 1.0;
				PRODUCT_BUNDLE_IDENTIFIER = com.victorwu.Timegpt;
				PRODUCT_NAME = "$(TARGET_NAME)";
				SWIFT_EMIT_LOC_STRINGS = YES;
				SWIFT_VERSION = 5.0;
			};
			name = Debug;
		};
		25D81FDE29DEA734004B4A85 /* Release */ = {
			isa = XCBuildConfiguration;
			buildSettings = {
				ASSETCATALOG_COMPILER_APPICON_NAME = AppIcon;
				ASSETCATALOG_COMPILER_GLOBAL_ACCENT_COLOR_NAME = AccentColor;
				CODE_SIGN_ENTITLEMENTS = Timegpt/Timegpt.entitlements;
				CODE_SIGN_STYLE = Automatic;
				COMBINE_HIDPI_IMAGES = YES;
				CURRENT_PROJECT_VERSION = 1;
				DEVELOPMENT_ASSET_PATHS = "\"Timegpt/Preview Content\"";
				DEVELOPMENT_TEAM = VR93MC823A;
				ENABLE_HARDENED_RUNTIME = YES;
				ENABLE_PREVIEWS = YES;
				GENERATE_INFOPLIST_FILE = YES;
				INFOPLIST_KEY_LSApplicationCategoryType = "public.app-category.utilities";
				INFOPLIST_KEY_NSHumanReadableCopyright = "";
				LD_RUNPATH_SEARCH_PATHS = (
					"$(inherited)",
					"@executable_path/../Frameworks",
				);
				MARKETING_VERSION = 1.0;
				PRODUCT_BUNDLE_IDENTIFIER = com.victorwu.Timegpt;
				PRODUCT_NAME = "$(TARGET_NAME)";
				SWIFT_EMIT_LOC_STRINGS = YES;
				SWIFT_VERSION = 5.0;
			};
			name = Release;
		};
		25D81FE029DEA734004B4A85 /* Debug */ = {
			isa = XCBuildConfiguration;
			buildSettings = {
				ALWAYS_EMBED_SWIFT_STANDARD_LIBRARIES = YES;
				BUNDLE_LOADER = "$(TEST_HOST)";
				CODE_SIGN_STYLE = Automatic;
				CURRENT_PROJECT_VERSION = 1;
				DEVELOPMENT_TEAM = VR93MC823A;
				GENERATE_INFOPLIST_FILE = YES;
				MACOSX_DEPLOYMENT_TARGET = 13.3;
				MARKETING_VERSION = 1.0;
				PRODUCT_BUNDLE_IDENTIFIER = com.victorwu.TimegptTests;
				PRODUCT_NAME = "$(TARGET_NAME)";
				SWIFT_EMIT_LOC_STRINGS = NO;
				SWIFT_VERSION = 5.0;
				TEST_HOST = "$(BUILT_PRODUCTS_DIR)/Timegpt.app/$(BUNDLE_EXECUTABLE_FOLDER_PATH)/Timegpt";
			};
			name = Debug;
		};
		25D81FE129DEA734004B4A85 /* Release */ = {
			isa = XCBuildConfiguration;
			buildSettings = {
				ALWAYS_EMBED_SWIFT_STANDARD_LIBRARIES = YES;
				BUNDLE_LOADER = "$(TEST_HOST)";
				CODE_SIGN_STYLE = Automatic;
				CURRENT_PROJECT_VERSION = 1;
				DEVELOPMENT_TEAM = VR93MC823A;
				GENERATE_INFOPLIST_FILE = YES;
				MACOSX_DEPLOYMENT_TARGET = 13.3;
				MARKETING_VERSION = 1.0;
				PRODUCT_BUNDLE_IDENTIFIER = com.victorwu.TimegptTests;
				PRODUCT_NAME = "$(TARGET_NAME)";
				SWIFT_EMIT_LOC_STRINGS = NO;
				SWIFT_VERSION = 5.0;
				TEST_HOST = "$(BUILT_PRODUCTS_DIR)/Timegpt.app/$(BUNDLE_EXECUTABLE_FOLDER_PATH)/Timegpt";
			};
			name = Release;
		};
		25D81FE329DEA734004B4A85 /* Debug */ = {
			isa = XCBuildConfiguration;
			buildSettings = {
				ALWAYS_EMBED_SWIFT_STANDARD_LIBRARIES = YES;
				CODE_SIGN_STYLE = Automatic;
				CURRENT_PROJECT_VERSION = 1;
				DEVELOPMENT_TEAM = VR93MC823A;
				GENERATE_INFOPLIST_FILE = YES;
				MARKETING_VERSION = 1.0;
				PRODUCT_BUNDLE_IDENTIFIER = com.victorwu.TimegptUITests;
				PRODUCT_NAME = "$(TARGET_NAME)";
				SWIFT_EMIT_LOC_STRINGS = NO;
				SWIFT_VERSION = 5.0;
				TEST_TARGET_NAME = Timegpt;
			};
			name = Debug;
		};
		25D81FE429DEA734004B4A85 /* Release */ = {
			isa = XCBuildConfiguration;
			buildSettings = {
				ALWAYS_EMBED_SWIFT_STANDARD_LIBRARIES = YES;
				CODE_SIGN_STYLE = Automatic;
				CURRENT_PROJECT_VERSION = 1;
				DEVELOPMENT_TEAM = VR93MC823A;
				GENERATE_INFOPLIST_FILE = YES;
				MARKETING_VERSION = 1.0;
				PRODUCT_BUNDLE_IDENTIFIER = com.victorwu.TimegptUITests;
				PRODUCT_NAME = "$(TARGET_NAME)";
				SWIFT_EMIT_LOC_STRINGS = NO;
				SWIFT_VERSION = 5.0;
				TEST_TARGET_NAME = Timegpt;
			};
			name = Release;
		};
/* End XCBuildConfiguration section */

/* Begin XCConfigurationList section */
		25D81FB229DEA732004B4A85 /* Build configuration list for PBXProject "Timegpt" */ = {
			isa = XCConfigurationList;
			buildConfigurations = (
				25D81FDA29DEA734004B4A85 /* Debug */,
				25D81FDB29DEA734004B4A85 /* Release */,
			);
			defaultConfigurationIsVisible = 0;
			defaultConfigurationName = Release;
		};
		25D81FDC29DEA734004B4A85 /* Build configuration list for PBXNativeTarget "Timegpt" */ = {
			isa = XCConfigurationList;
			buildConfigurations = (
				25D81FDD29DEA734004B4A85 /* Debug */,
				25D81FDE29DEA734004B4A85 /* Release */,
			);
			defaultConfigurationIsVisible = 0;
			defaultConfigurationName = Release;
		};
		25D81FDF29DEA734004B4A85 /* Build configuration list for PBXNativeTarget "TimegptTests" */ = {
			isa = XCConfigurationList;
			buildConfigurations = (
				25D81FE029DEA734004B4A85 /* Debug */,
				25D81FE129DEA734004B4A85 /* Release */,
			);
			defaultConfigurationIsVisible = 0;
			defaultConfigurationName = Release;
		};
		25D81FE229DEA734004B4A85 /* Build configuration list for PBXNativeTarget "TimegptUITests" */ = {
			isa = XCConfigurationList;
			buildConfigurations = (
				25D81FE329DEA734004B4A85 /* Debug */,
				25D81FE429DEA734004B4A85 /* Release */,
			);
			defaultConfigurationIsVisible = 0;
			defaultConfigurationName = Release;
		};
/* End XCConfigurationList section */
	};
	rootObject = 25D81FAF29DEA732004B4A85 /* Project object */;
}
